<?xml version="1.0" encoding="utf-8"?>
<Project ToolsVersion="15.0" xmlns="http://schemas.microsoft.com/developer/msbuild/2003">
  <ItemGroup>
    <CustomBuild Include="E:\GPUclass\lib4\CMakeFiles\be62dd0543c3c09b30f6e882ff13ac3b\generate.stamp.rule">
      <Filter>CMake Rules</Filter>
    </CustomBuild>
  </ItemGroup>
  <ItemGroup>
    <Filter Include="CMake Rules">
      <UniqueIdentifier>{17C99B13-9B86-3C99-8B5A-214A7DAFD201}</UniqueIdentifier>
    </Filter>
  </ItemGroup>
</Project>
